
Microsoft Visual Studio Solution File, Format Version 12.00
# Visual Studio 15
VisualStudioVersion = 15.0.27130.0
MinimumVisualStudioVersion = 10.0.40219.1
Project("{FAE04EC0-301F-11D3-BF4B-00C04F79EFBC}") = "ConsoleApp1", "ConsoleApp1\ConsoleApp1.csproj", "{BF199A22-5261-491C-B06A-33D43909DE1A}"
EndProject
Global
	GlobalSection(SolutionConfigurationPlatforms) = preSolution
		Debug|Any CPU = Debug|Any CPU
		Release|Any CPU = Release|Any CPU
	EndGlobalSection
	GlobalSection(ProjectConfigurationPlatforms) = postSolution
		{BF199A22-5261-491C-B06A-33D43909DE1A}.Debug|Any CPU.ActiveCfg = Debug|Any CPU
		{BF199A22-5261-491C-B06A-33D43909DE1A}.Debug|Any CPU.Build.0 = Debug|Any CPU
		{BF199A22-5261-491C-B06A-33D43909DE1A}.Release|Any CPU.ActiveCfg = Release|Any CPU
		{BF199A22-5261-491C-B06A-33D43909DE1A}.Release|Any CPU.Build.0 = Release|Any CPU
	EndGlobalSection
	GlobalSection(SolutionProperties) = preSolution
		HideSolutionNode = FALSE
	EndGlobalSection
	GlobalSection(ExtensibilityGlobals) = postSolution
		SolutionGuid = {C0DA4603-C86F-4255-9489-E7C8F9CB52BD}
	EndGlobalSection
EndGlobal
